// !$*UTF8*$!
{
	archiveVersion = 1;
	classes = {
	};
	objectVersion = 46;
	objects = {

/* Begin PBXBuildFile section */
		21937ED51F2E6F4E00DD457F /* AppDelegate.swift in Sources */ = {isa = PBXBuildFile; fileRef = 21937ED41F2E6F4E00DD457F /* AppDelegate.swift */; };
		21937ED71F2E6F4E00DD457F /* ViewController.swift in Sources */ = {isa = PBXBuildFile; fileRef = 21937ED61F2E6F4E00DD457F /* ViewController.swift */; };
		21937EDA1F2E6F4E00DD457F /* Main.storyboard in Resources */ = {isa = PBXBuildFile; fileRef = 21937ED81F2E6F4E00DD457F /* Main.storyboard */; };
		21937EDC1F2E6F4E00DD457F /* Assets.xcassets in Resources */ = {isa = PBXBuildFile; fileRef = 21937EDB1F2E6F4E00DD457F /* Assets.xcassets */; };
		21937EDF1F2E6F4E00DD457F /* LaunchScreen.storyboard in Resources */ = {isa = PBXBuildFile; fileRef = 21937EDD1F2E6F4E00DD457F /* LaunchScreen.storyboard */; };
/* End PBXBuildFile section */

/* Begin PBXFileReference section */
		21937ED11F2E6F4E00DD457F /* GettingStarted.app */ = {isa = PBXFileReference; explicitFileType = wrapper.application; includeInIndex = 0; path = GettingStarted.app; sourceTree = BUILT_PRODUCTS_DIR; };
		21937ED41F2E6F4E00DD457F /* AppDelegate.swift */ = {isa = PBXFileReference; lastKnownFileType = sourcecode.swift; path = AppDelegate.swift; sourceTree = "<group>"; };
		21937ED61F2E6F4E00DD457F /* ViewController.swift */ = {isa = PBXFileReference; lastKnownFileType = sourcecode.swift; path = ViewController.swift; sourceTree = "<group>"; };
		21937ED91F2E6F4E00DD457F /* Base */ = {isa = PBXFileReference; lastKnownFileType = file.storyboard; name = Base; path = Base.lproj/Main.storyboard; sourceTree = "<group>"; };
		21937EDB1F2E6F4E00DD457F /* Assets.xcassets */ = {isa = PBXFileReference; lastKnownFileType = folder.assetcatalog; path = Assets.xcassets; sourceTree = "<group>"; };
		21937EDE1F2E6F4E00DD457F /* Base */ = {isa = PBXFileReference; lastKnownFileType = file.storyboard; name = Base; path = Base.lproj/LaunchScreen.storyboard; sourceTree = "<group>"; };
		21937EE01F2E6F4E00DD457F /* Info.plist */ = {isa = PBXFileReference; lastKnownFileType = text.plist.xml; path = Info.plist; sourceTree = "<group>"; };
/* End PBXFileReference section */

/* Begin PBXFrameworksBuildPhase section */
		21937ECE1F2E6F4E00DD457F /* Frameworks */ = {
			isa = PBXFrameworksBuildPhase;
			buildActionMask = 2147483647;
			files = (
			);
			runOnlyForDeploymentPostprocessing = 0;
		};
/* End PBXFrameworksBuildPhase section */

/* Begin PBXGroup section */
		21937EC81F2E6F4E00DD457F = {
			isa = PBXGroup;
			children = (
				21937ED31F2E6F4E00DD457F /* GettingStarted */,
				21937ED21F2E6F4E00DD457F /* Products */,
			);
			sourceTree = "<group>";
		};
		21937ED21F2E6F4E00DD457F /* Products */ = {
			isa = PBXGroup;
			children = (
				21937ED11F2E6F4E00DD457F /* GettingStarted.app */,
			);
			name = Products;
			sourceTree = "<group>";
		};
		21937ED31F2E6F4E00DD457F /* GettingStarted */ = {
			isa = PBXGroup;
			children = (
				21937ED41F2E6F4E00DD457F /* AppDelegate.swift */,
				21937ED61F2E6F4E00DD457F /* ViewController.swift */,
				21937ED81F2E6F4E00DD457F /* Main.storyboard */,
				21937EDB1F2E6F4E00DD457F /* Assets.xcassets */,
				21937EDD1F2E6F4E00DD457F /* LaunchScreen.storyboard */,
				21937EE01F2E6F4E00DD457F /* Info.plist */,
			);
			path = GettingStarted;
			sourceTree = "<group>";
		};
/* End PBXGroup section */

/* Begin PBXNativeTarget section */
		21937ED01F2E6F4E00DD457F /* GettingStarted */ = {
			isa = PBXNativeTarget;
			buildConfigurationList = 21937EE31F2E6F4E00DD457F /* Build configuration list for PBXNativeTarget "GettingStarted" */;
			buildPhases = (
				21937ECD1F2E6F4E00DD457F /* Sources */,
				21937ECE1F2E6F4E00DD457F /* Frameworks */,
				21937ECF1F2E6F4E00DD457F /* Resources */,
			);
			buildRules = (
			);
			dependencies = (
			);
			name = GettingStarted;
			productName = GettingStarted;
			productReference = 21937ED11F2E6F4E00DD457F /* GettingStarted.app */;
			productType = "com.apple.product-type.application";
		};
/* End PBXNativeTarget section */

/* Begin PBXProject section */
		21937EC91F2E6F4E00DD457F /* Project object */ = {
			isa = PBXProject;
			attributes = {
				LastSwiftUpdateCheck = 0830;
				LastUpgradeCheck = 0830;
				TargetAttributes = {
					21937ED01F2E6F4E00DD457F = {
						CreatedOnToolsVersion = 8.3.3;
						ProvisioningStyle = Automatic;
					};
				};
			};
			buildConfigurationList = 21937ECC1F2E6F4E00DD457F /* Build configuration list for PBXProject "GettingStarted" */;
			compatibilityVersion = "Xcode 3.2";
			developmentRegion = English;
			hasScannedForEncodings = 0;
			knownRegions = (
				en,
				Base,
			);
			mainGroup = 21937EC81F2E6F4E00DD457F;
			productRefGroup = 21937ED21F2E6F4E00DD457F /* Products */;
			projectDirPath = "";
			projectRoot = "";
			targets = (
				21937ED01F2E6F4E00DD457F /* GettingStarted */,
			);
		};
/* End PBXProject section */

/* Begin PBXResourcesBuildPhase section */
		21937ECF1F2E6F4E00DD457F /* Resources */ = {
			isa = PBXResourcesBuildPhase;
			buildActionMask = 2147483647;
			files = (
				21937EDF1F2E6F4E00DD457F /* LaunchScreen.storyboard in Resources */,
				21937EDC1F2E6F4E00DD457F /* Assets.xcassets in Resources */,
				21937EDA1F2E6F4E00DD457F /* Main.storyboard in Resources */,
			);
			runOnlyForDeploymentPostprocessing = 0;
		};
/* End PBXResourcesBuildPhase section */

/* Begin PBXSourcesBuildPhase section */
		21937ECD1F2E6F4E00DD457F /* Sources */ = {
			isa = PBXSourcesBuildPhase;
			buildActionMask = 2147483647;
			files = (
				21937ED71F2E6F4E00DD457F /* ViewController.swift in Sources */,
				21937ED51F2E6F4E00DD457F /* AppDelegate.swift in Sources */,
			);
			runOnlyForDeploymentPostprocessing = 0;
		};
/* End PBXSourcesBuildPhase section */

/* Begin PBXVariantGroup section */
		21937ED81F2E6F4E00DD457F /* Main.storyboard */ = {
			isa = PBXVariantGroup;
			children = (
				21937ED91F2E6F4E00DD457F /* Base */,
			);
			name = Main.storyboard;
			sourceTree = "<group>";
		};
		21937EDD1F2E6F4E00DD457F /* LaunchScreen.storyboard */ = {
			isa = PBXVariantGroup;
			children = (
				21937EDE1F2E6F4E00DD457F /* Base */,
			);
			name = LaunchScreen.storyboard;
			sourceTree = "<group>";
		};
/* End PBXVariantGroup section */

/* Begin XCBuildConfiguration section */
		21937EE11F2E6F4E00DD457F /* Debug */ = {
			isa = XCBuildConfiguration;
			buildSettings = {
				ALWAYS_SEARCH_USER_PATHS = NO;
				CLANG_ANALYZER_NONNULL = YES;
				CLANG_ANALYZER_NUMBER_OBJECT_CONVERSION = YES_AGGRESSIVE;
				CLANG_CXX_LANGUAGE_STANDARD = "gnu++0x";
				CLANG_CXX_LIBRARY = "libc++";
				CLANG_ENABLE_MODULES = YES;
				CLANG_ENABLE_OBJC_ARC = YES;
				CLANG_WARN_BOOL_CONVERSION = YES;
				CLANG_WARN_CONSTANT_CONVERSION = YES;
				CLANG_WARN_DIRECT_OBJC_ISA_USAGE = YES_ERROR;
				CLANG_WARN_DOCUMENTATION_COMMENTS = YES;
				CLANG_WARN_EMPTY_BODY = YES;
				CLANG_WARN_ENUM_CONVERSION = YES;
				CLANG_WARN_INFINITE_RECURSION = YES;
				CLANG_WARN_INT_CONVERSION = YES;
				CLANG_WARN_OBJC_ROOT_CLASS = YES_ERROR;
				CLANG_WARN_SUSPICIOUS_MOVE = YES;
				CLANG_WARN_UNREACHABLE_CODE = YES;
				CLANG_WARN__DUPLICATE_METHOD_MATCH = YES;
				"CODE_SIGN_IDENTITY[sdk=iphoneos*]" = "iPhone Developer";
				COPY_PHASE_STRIP = NO;
				DEBUG_INFORMATION_FORMAT = dwarf;
				ENABLE_STRICT_OBJC_MSGSEND = YES;
				ENABLE_TESTABILITY = YES;
				GCC_C_LANGUAGE_STANDARD = gnu99;
				GCC_DYNAMIC_NO_PIC = NO;
				GCC_NO_COMMON_BLOCKS = YES;
				GCC_OPTIMIZATION_LEVEL = 0;
				GCC_PREPROCESSOR_DEFINITIONS = (
					"DEBUG=1",
					"$(inherited)",
				);
				GCC_WARN_64_TO_32_BIT_CONVERSION = YES;
				GCC_WARN_ABOUT_RETURN_TYPE = YES_ERROR;
				GCC_WARN_UNDECLARED_SELECTOR = YES;
				GCC_WARN_UNINITIALIZED_AUTOS = YES_AGGRESSIVE;
				GCC_WARN_UNUSED_FUNCTION = YES;
				GCC_WARN_UNUSED_VARIABLE = YES;
				IPHONEOS_DEPLOYMENT_TARGET = 10.3;
				MTL_ENABLE_DEBUG_INFO = YES;
				ONLY_ACTIVE_ARCH = YES;
				SDKROOT = iphoneos;
				SWIFT_ACTIVE_COMPILATION_CONDITIONS = DEBUG;
				SWIFT_OPTIMIZATION_LEVEL = "-Onone";
				TARGETED_DEVICE_FAMILY = "1,2";
			};
			name = Debug;
		};
		21937EE21F2E6F4E00DD457F /* Release */ = {
			isa = XCBuildConfiguration;
			buildSettings = {
				ALWAYS_SEARCH_USER_PATHS = NO;
				CLANG_ANALYZER_NONNULL = YES;
				CLANG_ANALYZER_NUMBER_OBJECT_CONVERSION = YES_AGGRESSIVE;
				CLANG_CXX_LANGUAGE_STANDARD = "gnu++0x";
				CLANG_CXX_LIBRARY = "libc++";
				CLANG_ENABLE_MODULES = YES;
				CLANG_ENABLE_OBJC_ARC = YES;
				CLANG_WARN_BOOL_CONVERSION = YES;
				CLANG_WARN_CONSTANT_CONVERSION = YES;
				CLANG_WARN_DIRECT_OBJC_ISA_USAGE = YES_ERROR;
				CLANG_WARN_DOCUMENTATION_COMMENTS = YES;
				CLANG_WARN_EMPTY_BODY = YES;
				CLANG_WARN_ENUM_CONVERSION = YES;
				CLANG_WARN_INFINITE_RECURSION = YES;
				CLANG_WARN_INT_CONVERSION = YES;
				CLANG_WARN_OBJC_ROOT_CLASS = YES_ERROR;
				CLANG_WARN_SUSPICIOUS_MOVE = YES;
				CLANG_WARN_UNREACHABLE_CODE = YES;
				CLANG_WARN__DUPLICATE_METHOD_MATCH = YES;
				"CODE_SIGN_IDENTITY[sdk=iphoneos*]" = "iPhone Developer";
				COPY_PHASE_STRIP = NO;
				DEBUG_INFORMATION_FORMAT = "dwarf-with-dsym";
				ENABLE_NS_ASSERTIONS = NO;
				ENABLE_STRICT_OBJC_MSGSEND = YES;
				GCC_C_LANGUAGE_STANDARD = gnu99;
				GCC_NO_COMMON_BLOCKS = YES;
				GCC_WARN_64_TO_32_BIT_CONVERSION = YES;
				GCC_WARN_ABOUT_RETURN_TYPE = YES_ERROR;
				GCC_WARN_UNDECLARED_SELECTOR = YES;
				GCC_WARN_UNINITIALIZED_AUTOS = YES_AGGRESSIVE;
				GCC_WARN_UNUSED_FUNCTION = YES;
				GCC_WARN_UNUSED_VARIABLE = YES;
				IPHONEOS_DEPLOYMENT_TARGET = 10.3;
				MTL_ENABLE_DEBUG_INFO = NO;
				SDKROOT = iphoneos;
				SWIFT_OPTIMIZATION_LEVEL = "-Owholemodule";
				TARGETED_DEVICE_FAMILY = "1,2";
				VALIDATE_PRODUCT = YES;
			};
			name = Release;
		};
		21937EE41F2E6F4E00DD457F /* Debug */ = {
			isa = XCBuildConfiguration;
			buildSettings = {
				ASSETCATALOG_COMPILER_APPICON_NAME = AppIcon;
				INFOPLIST_FILE = GettingStarted/Info.plist;
				LD_RUNPATH_SEARCH_PATHS = "$(inherited) @executable_path/Frameworks";
				PRODUCT_BUNDLE_IDENTIFIER = org.example.GettingStarted;
				PRODUCT_NAME = "$(TARGET_NAME)";
				SWIFT_VERSION = 3.0;
			};
			name = Debug;
		};
		21937EE51F2E6F4E00DD457F /* Release */ = {
			isa = XCBuildConfiguration;
			buildSettings = {
				ASSETCATALOG_COMPILER_APPICON_NAME = AppIcon;
				INFOPLIST_FILE = GettingStarted/Info.plist;
				LD_RUNPATH_SEARCH_PATHS = "$(inherited) @executable_path/Frameworks";
				PRODUCT_BUNDLE_IDENTIFIER = org.example.GettingStarted;
				PRODUCT_NAME = "$(TARGET_NAME)";
				SWIFT_VERSION = 3.0;
			};
			name = Release;
		};
/* End XCBuildConfiguration section */

/* Begin XCConfigurationList section */
		21937ECC1F2E6F4E00DD457F /* Build configuration list for PBXProject "GettingStarted" */ = {
			isa = XCConfigurationList;
			buildConfigurations = (
				21937EE11F2E6F4E00DD457F /* Debug */,
				21937EE21F2E6F4E00DD457F /* Release */,
			);
			defaultConfigurationIsVisible = 0;
			defaultConfigurationName = Release;
		};
		21937EE31F2E6F4E00DD457F /* Build configuration list for PBXNativeTarget "GettingStarted" */ = {
			isa = XCConfigurationList;
			buildConfigurations = (
				21937EE41F2E6F4E00DD457F /* Debug */,
				21937EE51F2E6F4E00DD457F /* Release */,
			);
			defaultConfigurationIsVisible = 0;
		};
/* End XCConfigurationList section */
	};
	rootObject = 21937EC91F2E6F4E00DD457F /* Project object */;
}
